// !$*UTF8*$!
{
	archiveVersion = 1;
	classes = {
	};
	objectVersion = 56;
	objects = {

/* Begin PBXBuildFile section */
		C41CCEF42B279C6A009FCD4F /* DeleteUser.swift in Sources */ = {isa = PBXBuildFile; fileRef = C41CCEF32B279C6A009FCD4F /* DeleteUser.swift */; };
		C41F9E472B0CAF0400783142 /* UIColor + Extensions.swift in Sources */ = {isa = PBXBuildFile; fileRef = C41F9E462B0CAF0400783142 /* UIColor + Extensions.swift */; };
		C41F9E492B0CBD8D00783142 /* OnboardingVC.swift in Sources */ = {isa = PBXBuildFile; fileRef = C41F9E482B0CBD8D00783142 /* OnboardingVC.swift */; };
		C41F9E4B2B0CC6D300783142 /* UIFont + Extensions.swift in Sources */ = {isa = PBXBuildFile; fileRef = C41F9E4A2B0CC6D300783142 /* UIFont + Extensions.swift */; };
		C41F9E4D2B0D064100783142 /* OnboardingCell.swift in Sources */ = {isa = PBXBuildFile; fileRef = C41F9E4C2B0D064100783142 /* OnboardingCell.swift */; };
		C41F9E4F2B0E4CC900783142 /* Subviews + Extensions.swift in Sources */ = {isa = PBXBuildFile; fileRef = C41F9E4E2B0E4CC800783142 /* Subviews + Extensions.swift */; };
		C41F9E532B0E77DC00783142 /* SignInViewController.swift in Sources */ = {isa = PBXBuildFile; fileRef = C41F9E522B0E77DC00783142 /* SignInViewController.swift */; };
		C41F9E552B0E7FC600783142 /* TextFieldWithPadding.swift in Sources */ = {isa = PBXBuildFile; fileRef = C41F9E542B0E7FC600783142 /* TextFieldWithPadding.swift */; };
		C41F9E572B0EA01D00783142 /* NavigationController.swift in Sources */ = {isa = PBXBuildFile; fileRef = C41F9E562B0EA01D00783142 /* NavigationController.swift */; };
		C41F9E5A2B0EC4C300783142 /* RestorePasswordViewController.swift in Sources */ = {isa = PBXBuildFile; fileRef = C41F9E592B0EC4C300783142 /* RestorePasswordViewController.swift */; };
		C41F9E5F2B0EC8F100783142 /* UserInfoViewController.swift in Sources */ = {isa = PBXBuildFile; fileRef = C41F9E5E2B0EC8F100783142 /* UserInfoViewController.swift */; };
		C41F9E612B0FB41E00783142 /* NotificationViewController.swift in Sources */ = {isa = PBXBuildFile; fileRef = C41F9E602B0FB41E00783142 /* NotificationViewController.swift */; };
		C41F9E632B0FCDEF00783142 /* LessonsCollectionViewCell.swift in Sources */ = {isa = PBXBuildFile; fileRef = C41F9E622B0FCDEF00783142 /* LessonsCollectionViewCell.swift */; };
		C41F9E652B0FE31600783142 /* ProductsCollectionViewCell.swift in Sources */ = {isa = PBXBuildFile; fileRef = C41F9E642B0FE31600783142 /* ProductsCollectionViewCell.swift */; };
		C41F9E682B0FE94000783142 /* ProfileViewController.swift in Sources */ = {isa = PBXBuildFile; fileRef = C41F9E672B0FE94000783142 /* ProfileViewController.swift */; };
		C41F9E6A2B0FFF6B00783142 /* SecondProfileViewController.swift in Sources */ = {isa = PBXBuildFile; fileRef = C41F9E692B0FFF6B00783142 /* SecondProfileViewController.swift */; };
		C41F9E6C2B0FFF8800783142 /* ProfileNotificationsViewController.swift in Sources */ = {isa = PBXBuildFile; fileRef = C41F9E6B2B0FFF8800783142 /* ProfileNotificationsViewController.swift */; };
		C41F9E6E2B0FFF9400783142 /* InformationViewController.swift in Sources */ = {isa = PBXBuildFile; fileRef = C41F9E6D2B0FFF9400783142 /* InformationViewController.swift */; };
		C41F9E702B0FFF9E00783142 /* SupportViewController.swift in Sources */ = {isa = PBXBuildFile; fileRef = C41F9E6F2B0FFF9E00783142 /* SupportViewController.swift */; };
		C41F9E722B0FFFAB00783142 /* AppViewController.swift in Sources */ = {isa = PBXBuildFile; fileRef = C41F9E712B0FFFAB00783142 /* AppViewController.swift */; };
		C470F1FE2B14D8B40095A0DD /* Lessons.swift in Sources */ = {isa = PBXBuildFile; fileRef = C470F1FD2B14D8B40095A0DD /* Lessons.swift */; };
		C470F2012B14E0940095A0DD /* PlayerViewController.swift in Sources */ = {isa = PBXBuildFile; fileRef = C470F2002B14E0940095A0DD /* PlayerViewController.swift */; };
		C470F2032B14FF700095A0DD /* Products.swift in Sources */ = {isa = PBXBuildFile; fileRef = C470F2022B14FF700095A0DD /* Products.swift */; };
		C470F2082B155B660095A0DD /* SignUpInModel.swift in Sources */ = {isa = PBXBuildFile; fileRef = C470F2072B155B660095A0DD /* SignUpInModel.swift */; };
		C470F20C2B1567A60095A0DD /* Reset.swift in Sources */ = {isa = PBXBuildFile; fileRef = C470F20B2B1567A60095A0DD /* Reset.swift */; };
		C470F20E2B1577840095A0DD /* UserInformation.swift in Sources */ = {isa = PBXBuildFile; fileRef = C470F20D2B1577840095A0DD /* UserInformation.swift */; };
		C48FA6AF2B168A5D00505519 /* DayInfo.swift in Sources */ = {isa = PBXBuildFile; fileRef = C48FA6AE2B168A5D00505519 /* DayInfo.swift */; };
		C48FA6D52B192E3300505519 /* SupportSend.swift in Sources */ = {isa = PBXBuildFile; fileRef = C48FA6D42B192E3300505519 /* SupportSend.swift */; };
		C4C0C3FF2B125D2E00D97D98 /* UIElementsFunc.swift in Sources */ = {isa = PBXBuildFile; fileRef = C4C0C3FE2B125D2E00D97D98 /* UIElementsFunc.swift */; };
		C4C0C4092B12A3B200D97D98 /* LessonInfoViewController.swift in Sources */ = {isa = PBXBuildFile; fileRef = C4C0C4082B12A3B200D97D98 /* LessonInfoViewController.swift */; };
		C4C0C40D2B12A3E500D97D98 /* ProductsInfoViewController.swift in Sources */ = {isa = PBXBuildFile; fileRef = C4C0C40C2B12A3E500D97D98 /* ProductsInfoViewController.swift */; };
		C4C0C4112B12C1F600D97D98 /* Storage.swift in Sources */ = {isa = PBXBuildFile; fileRef = C4C0C4102B12C1F600D97D98 /* Storage.swift */; };
		C4C0C4142B12C24900D97D98 /* Urls.swift in Sources */ = {isa = PBXBuildFile; fileRef = C4C0C4132B12C24900D97D98 /* Urls.swift */; };
		C4C8EFCF2B0AAEA300284A0E /* AppDelegate.swift in Sources */ = {isa = PBXBuildFile; fileRef = C4C8EFCE2B0AAEA300284A0E /* AppDelegate.swift */; };
		C4C8EFD12B0AAEA300284A0E /* SceneDelegate.swift in Sources */ = {isa = PBXBuildFile; fileRef = C4C8EFD02B0AAEA300284A0E /* SceneDelegate.swift */; };
		C4C8EFD32B0AAEA300284A0E /* SignUpViewController.swift in Sources */ = {isa = PBXBuildFile; fileRef = C4C8EFD22B0AAEA300284A0E /* SignUpViewController.swift */; };
		C4C8EFD82B0AAEA600284A0E /* Assets.xcassets in Resources */ = {isa = PBXBuildFile; fileRef = C4C8EFD72B0AAEA600284A0E /* Assets.xcassets */; };
		C4C8EFDB2B0AAEA600284A0E /* LaunchScreen.storyboard in Resources */ = {isa = PBXBuildFile; fileRef = C4C8EFD92B0AAEA600284A0E /* LaunchScreen.storyboard */; };
		C4C8EFEA2B0AB02100284A0E /* TabBarController.swift in Sources */ = {isa = PBXBuildFile; fileRef = C4C8EFE92B0AB02100284A0E /* TabBarController.swift */; };
		C4C8EFED2B0AB3AF00284A0E /* Rubik-Light.ttf in Resources */ = {isa = PBXBuildFile; fileRef = C4C8EFE62B0AAFB100284A0E /* Rubik-Light.ttf */; };
		C4C8EFEE2B0AB3B200284A0E /* Rubik-Regular.ttf in Resources */ = {isa = PBXBuildFile; fileRef = C4C8EFE52B0AAFB100284A0E /* Rubik-Regular.ttf */; };
		C4C8EFF12B0AB57E00284A0E /* LessonsViewController.swift in Sources */ = {isa = PBXBuildFile; fileRef = C4C8EFF02B0AB57E00284A0E /* LessonsViewController.swift */; };
		C4C8EFF42B0AB59800284A0E /* ProductsViewController.swift in Sources */ = {isa = PBXBuildFile; fileRef = C4C8EFF32B0AB59800284A0E /* ProductsViewController.swift */; };
		C4C8EFF72B0AB5E000284A0E /* FavoritesViewController.swift in Sources */ = {isa = PBXBuildFile; fileRef = C4C8EFF62B0AB5E000284A0E /* FavoritesViewController.swift */; };
		E5C43E44683D03BF4FE2B0E1 /* Pods_Drevmass.framework in Frameworks */ = {isa = PBXBuildFile; fileRef = 154D37BD370F37A740FECC64 /* Pods_Drevmass.framework */; };
/* End PBXBuildFile section */

/* Begin PBXFileReference section */
		154D37BD370F37A740FECC64 /* Pods_Drevmass.framework */ = {isa = PBXFileReference; explicitFileType = wrapper.framework; includeInIndex = 0; path = Pods_Drevmass.framework; sourceTree = BUILT_PRODUCTS_DIR; };
		32A1AD58156410BDD3C15CF5 /* Pods-Drevmass.debug.xcconfig */ = {isa = PBXFileReference; includeInIndex = 1; lastKnownFileType = text.xcconfig; name = "Pods-Drevmass.debug.xcconfig"; path = "Target Support Files/Pods-Drevmass/Pods-Drevmass.debug.xcconfig"; sourceTree = "<group>"; };
		B76A09FE7AD8B6D08D535CB7 /* Pods-Drevmass.release.xcconfig */ = {isa = PBXFileReference; includeInIndex = 1; lastKnownFileType = text.xcconfig; name = "Pods-Drevmass.release.xcconfig"; path = "Target Support Files/Pods-Drevmass/Pods-Drevmass.release.xcconfig"; sourceTree = "<group>"; };
		C41CCEF32B279C6A009FCD4F /* DeleteUser.swift */ = {isa = PBXFileReference; lastKnownFileType = sourcecode.swift; path = DeleteUser.swift; sourceTree = "<group>"; };
		C41F9E462B0CAF0400783142 /* UIColor + Extensions.swift */ = {isa = PBXFileReference; lastKnownFileType = sourcecode.swift; path = "UIColor + Extensions.swift"; sourceTree = "<group>"; };
		C41F9E482B0CBD8D00783142 /* OnboardingVC.swift */ = {isa = PBXFileReference; lastKnownFileType = sourcecode.swift; path = OnboardingVC.swift; sourceTree = "<group>"; };
		C41F9E4A2B0CC6D300783142 /* UIFont + Extensions.swift */ = {isa = PBXFileReference; lastKnownFileType = sourcecode.swift; path = "UIFont + Extensions.swift"; sourceTree = "<group>"; };
		C41F9E4C2B0D064100783142 /* OnboardingCell.swift */ = {isa = PBXFileReference; lastKnownFileType = sourcecode.swift; path = OnboardingCell.swift; sourceTree = "<group>"; };
		C41F9E4E2B0E4CC800783142 /* Subviews + Extensions.swift */ = {isa = PBXFileReference; lastKnownFileType = sourcecode.swift; path = "Subviews + Extensions.swift"; sourceTree = "<group>"; };
		C41F9E522B0E77DC00783142 /* SignInViewController.swift */ = {isa = PBXFileReference; lastKnownFileType = sourcecode.swift; path = SignInViewController.swift; sourceTree = "<group>"; };
		C41F9E542B0E7FC600783142 /* TextFieldWithPadding.swift */ = {isa = PBXFileReference; lastKnownFileType = sourcecode.swift; path = TextFieldWithPadding.swift; sourceTree = "<group>"; };
		C41F9E562B0EA01D00783142 /* NavigationController.swift */ = {isa = PBXFileReference; lastKnownFileType = sourcecode.swift; path = NavigationController.swift; sourceTree = "<group>"; };
		C41F9E592B0EC4C300783142 /* RestorePasswordViewController.swift */ = {isa = PBXFileReference; lastKnownFileType = sourcecode.swift; path = RestorePasswordViewController.swift; sourceTree = "<group>"; };
		C41F9E5E2B0EC8F100783142 /* UserInfoViewController.swift */ = {isa = PBXFileReference; lastKnownFileType = sourcecode.swift; path = UserInfoViewController.swift; sourceTree = "<group>"; };
		C41F9E602B0FB41E00783142 /* NotificationViewController.swift */ = {isa = PBXFileReference; lastKnownFileType = sourcecode.swift; path = NotificationViewController.swift; sourceTree = "<group>"; };
		C41F9E622B0FCDEF00783142 /* LessonsCollectionViewCell.swift */ = {isa = PBXFileReference; lastKnownFileType = sourcecode.swift; path = LessonsCollectionViewCell.swift; sourceTree = "<group>"; };
		C41F9E642B0FE31600783142 /* ProductsCollectionViewCell.swift */ = {isa = PBXFileReference; lastKnownFileType = sourcecode.swift; path = ProductsCollectionViewCell.swift; sourceTree = "<group>"; };
		C41F9E672B0FE94000783142 /* ProfileViewController.swift */ = {isa = PBXFileReference; lastKnownFileType = sourcecode.swift; path = ProfileViewController.swift; sourceTree = "<group>"; };
		C41F9E692B0FFF6B00783142 /* SecondProfileViewController.swift */ = {isa = PBXFileReference; lastKnownFileType = sourcecode.swift; path = SecondProfileViewController.swift; sourceTree = "<group>"; };
		C41F9E6B2B0FFF8800783142 /* ProfileNotificationsViewController.swift */ = {isa = PBXFileReference; lastKnownFileType = sourcecode.swift; path = ProfileNotificationsViewController.swift; sourceTree = "<group>"; };
		C41F9E6D2B0FFF9400783142 /* InformationViewController.swift */ = {isa = PBXFileReference; lastKnownFileType = sourcecode.swift; path = InformationViewController.swift; sourceTree = "<group>"; };
		C41F9E6F2B0FFF9E00783142 /* SupportViewController.swift */ = {isa = PBXFileReference; lastKnownFileType = sourcecode.swift; path = SupportViewController.swift; sourceTree = "<group>"; };
		C41F9E712B0FFFAB00783142 /* AppViewController.swift */ = {isa = PBXFileReference; lastKnownFileType = sourcecode.swift; path = AppViewController.swift; sourceTree = "<group>"; };
		C470F1FD2B14D8B40095A0DD /* Lessons.swift */ = {isa = PBXFileReference; lastKnownFileType = sourcecode.swift; path = Lessons.swift; sourceTree = "<group>"; };
		C470F2002B14E0940095A0DD /* PlayerViewController.swift */ = {isa = PBXFileReference; lastKnownFileType = sourcecode.swift; path = PlayerViewController.swift; sourceTree = "<group>"; };
		C470F2022B14FF700095A0DD /* Products.swift */ = {isa = PBXFileReference; lastKnownFileType = sourcecode.swift; path = Products.swift; sourceTree = "<group>"; };
		C470F2072B155B660095A0DD /* SignUpInModel.swift */ = {isa = PBXFileReference; lastKnownFileType = sourcecode.swift; path = SignUpInModel.swift; sourceTree = "<group>"; };
		C470F20B2B1567A60095A0DD /* Reset.swift */ = {isa = PBXFileReference; lastKnownFileType = sourcecode.swift; path = Reset.swift; sourceTree = "<group>"; };
		C470F20D2B1577840095A0DD /* UserInformation.swift */ = {isa = PBXFileReference; lastKnownFileType = sourcecode.swift; path = UserInformation.swift; sourceTree = "<group>"; };
		C48FA6AE2B168A5D00505519 /* DayInfo.swift */ = {isa = PBXFileReference; lastKnownFileType = sourcecode.swift; path = DayInfo.swift; sourceTree = "<group>"; };
		C48FA6D42B192E3300505519 /* SupportSend.swift */ = {isa = PBXFileReference; lastKnownFileType = sourcecode.swift; path = SupportSend.swift; sourceTree = "<group>"; };
		C4C0C3FE2B125D2E00D97D98 /* UIElementsFunc.swift */ = {isa = PBXFileReference; lastKnownFileType = sourcecode.swift; path = UIElementsFunc.swift; sourceTree = "<group>"; };
		C4C0C4082B12A3B200D97D98 /* LessonInfoViewController.swift */ = {isa = PBXFileReference; lastKnownFileType = sourcecode.swift; path = LessonInfoViewController.swift; sourceTree = "<group>"; };
		C4C0C40C2B12A3E500D97D98 /* ProductsInfoViewController.swift */ = {isa = PBXFileReference; lastKnownFileType = sourcecode.swift; path = ProductsInfoViewController.swift; sourceTree = "<group>"; };
		C4C0C4102B12C1F600D97D98 /* Storage.swift */ = {isa = PBXFileReference; lastKnownFileType = sourcecode.swift; path = Storage.swift; sourceTree = "<group>"; };
		C4C0C4132B12C24900D97D98 /* Urls.swift */ = {isa = PBXFileReference; lastKnownFileType = sourcecode.swift; path = Urls.swift; sourceTree = "<group>"; };
		C4C8EFCB2B0AAEA300284A0E /* Drevmass.app */ = {isa = PBXFileReference; explicitFileType = wrapper.application; includeInIndex = 0; path = Drevmass.app; sourceTree = BUILT_PRODUCTS_DIR; };
		C4C8EFCE2B0AAEA300284A0E /* AppDelegate.swift */ = {isa = PBXFileReference; lastKnownFileType = sourcecode.swift; path = AppDelegate.swift; sourceTree = "<group>"; };
		C4C8EFD02B0AAEA300284A0E /* SceneDelegate.swift */ = {isa = PBXFileReference; lastKnownFileType = sourcecode.swift; path = SceneDelegate.swift; sourceTree = "<group>"; };
		C4C8EFD22B0AAEA300284A0E /* SignUpViewController.swift */ = {isa = PBXFileReference; lastKnownFileType = sourcecode.swift; path = SignUpViewController.swift; sourceTree = "<group>"; };
		C4C8EFD72B0AAEA600284A0E /* Assets.xcassets */ = {isa = PBXFileReference; lastKnownFileType = folder.assetcatalog; path = Assets.xcassets; sourceTree = "<group>"; };
		C4C8EFDA2B0AAEA600284A0E /* Base */ = {isa = PBXFileReference; lastKnownFileType = file.storyboard; name = Base; path = Base.lproj/LaunchScreen.storyboard; sourceTree = "<group>"; };
		C4C8EFDC2B0AAEA600284A0E /* Info.plist */ = {isa = PBXFileReference; lastKnownFileType = text.plist.xml; path = Info.plist; sourceTree = "<group>"; };
		C4C8EFE52B0AAFB100284A0E /* Rubik-Regular.ttf */ = {isa = PBXFileReference; lastKnownFileType = file; path = "Rubik-Regular.ttf"; sourceTree = "<group>"; };
		C4C8EFE62B0AAFB100284A0E /* Rubik-Light.ttf */ = {isa = PBXFileReference; lastKnownFileType = file; path = "Rubik-Light.ttf"; sourceTree = "<group>"; };
		C4C8EFE92B0AB02100284A0E /* TabBarController.swift */ = {isa = PBXFileReference; lastKnownFileType = sourcecode.swift; path = TabBarController.swift; sourceTree = "<group>"; };
		C4C8EFF02B0AB57E00284A0E /* LessonsViewController.swift */ = {isa = PBXFileReference; lastKnownFileType = sourcecode.swift; path = LessonsViewController.swift; sourceTree = "<group>"; };
		C4C8EFF32B0AB59800284A0E /* ProductsViewController.swift */ = {isa = PBXFileReference; lastKnownFileType = sourcecode.swift; path = ProductsViewController.swift; sourceTree = "<group>"; };
		C4C8EFF62B0AB5E000284A0E /* FavoritesViewController.swift */ = {isa = PBXFileReference; lastKnownFileType = sourcecode.swift; path = FavoritesViewController.swift; sourceTree = "<group>"; };
/* End PBXFileReference section */

/* Begin PBXFrameworksBuildPhase section */
		C4C8EFC82B0AAEA300284A0E /* Frameworks */ = {
			isa = PBXFrameworksBuildPhase;
			buildActionMask = 2147483647;
			files = (
				E5C43E44683D03BF4FE2B0E1 /* Pods_Drevmass.framework in Frameworks */,
			);
			runOnlyForDeploymentPostprocessing = 0;
		};
/* End PBXFrameworksBuildPhase section */

/* Begin PBXGroup section */
		280399A53D4810AC6A492E90 /* Pods */ = {
			isa = PBXGroup;
			children = (
				32A1AD58156410BDD3C15CF5 /* Pods-Drevmass.debug.xcconfig */,
				B76A09FE7AD8B6D08D535CB7 /* Pods-Drevmass.release.xcconfig */,
			);
			path = Pods;
			sourceTree = "<group>";
		};
		A15971680C3F65A84C40CCA5 /* Frameworks */ = {
			isa = PBXGroup;
			children = (
				154D37BD370F37A740FECC64 /* Pods_Drevmass.framework */,
			);
			name = Frameworks;
			sourceTree = "<group>";
		};
		C41F9E452B0CAEEE00783142 /* Extensions */ = {
			isa = PBXGroup;
			children = (
				C41F9E462B0CAF0400783142 /* UIColor + Extensions.swift */,
				C41F9E4A2B0CC6D300783142 /* UIFont + Extensions.swift */,
				C41F9E4E2B0E4CC800783142 /* Subviews + Extensions.swift */,
				C41F9E542B0E7FC600783142 /* TextFieldWithPadding.swift */,
				C41F9E562B0EA01D00783142 /* NavigationController.swift */,
				C4C0C3FE2B125D2E00D97D98 /* UIElementsFunc.swift */,
			);
			path = Extensions;
			sourceTree = "<group>";
		};
		C41F9E502B0E76F200783142 /* SignUpControllers */ = {
			isa = PBXGroup;
			children = (
				C4C8EFD22B0AAEA300284A0E /* SignUpViewController.swift */,
			);
			path = SignUpControllers;
			sourceTree = "<group>";
		};
		C41F9E512B0E770500783142 /* SignInControllers */ = {
			isa = PBXGroup;
			children = (
				C41F9E522B0E77DC00783142 /* SignInViewController.swift */,
			);
			path = SignInControllers;
			sourceTree = "<group>";
		};
		C41F9E582B0EC48E00783142 /* RestorePassword */ = {
			isa = PBXGroup;
			children = (
				C41F9E592B0EC4C300783142 /* RestorePasswordViewController.swift */,
			);
			path = RestorePassword;
			sourceTree = "<group>";
		};
		C41F9E5B2B0EC4D100783142 /* AppSettings */ = {
			isa = PBXGroup;
			children = (
				C4C8EFCE2B0AAEA300284A0E /* AppDelegate.swift */,
				C4C8EFD02B0AAEA300284A0E /* SceneDelegate.swift */,
			);
			path = AppSettings;
			sourceTree = "<group>";
		};
		C41F9E5C2B0EC52C00783142 /* Fonts */ = {
			isa = PBXGroup;
			children = (
				C4C8EFE62B0AAFB100284A0E /* Rubik-Light.ttf */,
				C4C8EFE52B0AAFB100284A0E /* Rubik-Regular.ttf */,
			);
			path = Fonts;
			sourceTree = "<group>";
		};
		C41F9E5D2B0EC8B600783142 /* InfoAndNotificationController */ = {
			isa = PBXGroup;
			children = (
				C41F9E5E2B0EC8F100783142 /* UserInfoViewController.swift */,
				C41F9E602B0FB41E00783142 /* NotificationViewController.swift */,
			);
			path = InfoAndNotificationController;
			sourceTree = "<group>";
		};
		C41F9E662B0FE90C00783142 /* Profile */ = {
			isa = PBXGroup;
			children = (
				C41F9E672B0FE94000783142 /* ProfileViewController.swift */,
				C41F9E692B0FFF6B00783142 /* SecondProfileViewController.swift */,
				C41F9E6B2B0FFF8800783142 /* ProfileNotificationsViewController.swift */,
				C41F9E6D2B0FFF9400783142 /* InformationViewController.swift */,
				C41F9E6F2B0FFF9E00783142 /* SupportViewController.swift */,
				C41F9E712B0FFFAB00783142 /* AppViewController.swift */,
			);
			path = Profile;
			sourceTree = "<group>";
		};
		C470F1FF2B14E0810095A0DD /* Player */ = {
			isa = PBXGroup;
			children = (
				C470F2002B14E0940095A0DD /* PlayerViewController.swift */,
			);
			path = Player;
			sourceTree = "<group>";
		};
		C4C0C40A2B12A3B700D97D98 /* LessonInformation */ = {
			isa = PBXGroup;
			children = (
				C4C0C4082B12A3B200D97D98 /* LessonInfoViewController.swift */,
			);
			path = LessonInformation;
			sourceTree = "<group>";
		};
		C4C0C40B2B12A3C900D97D98 /* ProductsInfo */ = {
			isa = PBXGroup;
			children = (
				C4C0C40C2B12A3E500D97D98 /* ProductsInfoViewController.swift */,
			);
			path = ProductsInfo;
			sourceTree = "<group>";
		};
		C4C0C40F2B12C1DE00D97D98 /* Shared Instance */ = {
			isa = PBXGroup;
			children = (
				C4C0C4102B12C1F600D97D98 /* Storage.swift */,
			);
			path = "Shared Instance";
			sourceTree = "<group>";
		};
		C4C0C4122B12C23A00D97D98 /* Static */ = {
			isa = PBXGroup;
			children = (
				C4C0C4132B12C24900D97D98 /* Urls.swift */,
			);
			path = Static;
			sourceTree = "<group>";
		};
		C4C0C4182B13B69400D97D98 /* Model */ = {
			isa = PBXGroup;
			children = (
				C48FA6AE2B168A5D00505519 /* DayInfo.swift */,
				C470F1FD2B14D8B40095A0DD /* Lessons.swift */,
				C470F2022B14FF700095A0DD /* Products.swift */,
				C470F20B2B1567A60095A0DD /* Reset.swift */,
				C470F2072B155B660095A0DD /* SignUpInModel.swift */,
				C48FA6D42B192E3300505519 /* SupportSend.swift */,
				C470F20D2B1577840095A0DD /* UserInformation.swift */,
				C41CCEF32B279C6A009FCD4F /* DeleteUser.swift */,
			);
			path = Model;
			sourceTree = "<group>";
		};
		C4C8EFC22B0AAEA300284A0E = {
			isa = PBXGroup;
			children = (
				C4C8EFCD2B0AAEA300284A0E /* Drevmass */,
				C4C8EFCC2B0AAEA300284A0E /* Products */,
				280399A53D4810AC6A492E90 /* Pods */,
				A15971680C3F65A84C40CCA5 /* Frameworks */,
			);
			sourceTree = "<group>";
		};
		C4C8EFCC2B0AAEA300284A0E /* Products */ = {
			isa = PBXGroup;
			children = (
				C4C8EFCB2B0AAEA300284A0E /* Drevmass.app */,
			);
			name = Products;
			sourceTree = "<group>";
		};
		C4C8EFCD2B0AAEA300284A0E /* Drevmass */ = {
			isa = PBXGroup;
			children = (
				C4C0C4182B13B69400D97D98 /* Model */,
				C4C0C4122B12C23A00D97D98 /* Static */,
				C4C0C40F2B12C1DE00D97D98 /* Shared Instance */,
				C4C8EFE92B0AB02100284A0E /* TabBarController.swift */,
				C4C8EFDC2B0AAEA600284A0E /* Info.plist */,
				C41F9E5B2B0EC4D100783142 /* AppSettings */,
				C4C8EFE42B0AAFA200284A0E /* Resources */,
				C41F9E452B0CAEEE00783142 /* Extensions */,
				C4C8EFE72B0AAFD400284A0E /* Onboarding */,
				C41F9E512B0E770500783142 /* SignInControllers */,
				C41F9E502B0E76F200783142 /* SignUpControllers */,
				C41F9E582B0EC48E00783142 /* RestorePassword */,
				C41F9E5D2B0EC8B600783142 /* InfoAndNotificationController */,
				C41F9E662B0FE90C00783142 /* Profile */,
				C4C8EFEF2B0AB55600284A0E /* Lesson */,
				C4C0C40A2B12A3B700D97D98 /* LessonInformation */,
				C470F1FF2B14E0810095A0DD /* Player */,
				C4C8EFF22B0AB58A00284A0E /* Products */,
				C4C0C40B2B12A3C900D97D98 /* ProductsInfo */,
				C4C8EFF52B0AB5C000284A0E /* Favorites */,
			);
			path = Drevmass;
			sourceTree = "<group>";
		};
		C4C8EFE42B0AAFA200284A0E /* Resources */ = {
			isa = PBXGroup;
			children = (
				C41F9E5C2B0EC52C00783142 /* Fonts */,
				C4C8EFD72B0AAEA600284A0E /* Assets.xcassets */,
				C4C8EFD92B0AAEA600284A0E /* LaunchScreen.storyboard */,
			);
			path = Resources;
			sourceTree = "<group>";
		};
		C4C8EFE72B0AAFD400284A0E /* Onboarding */ = {
			isa = PBXGroup;
			children = (
				C41F9E482B0CBD8D00783142 /* OnboardingVC.swift */,
				C41F9E4C2B0D064100783142 /* OnboardingCell.swift */,
			);
			path = Onboarding;
			sourceTree = "<group>";
		};
		C4C8EFEF2B0AB55600284A0E /* Lesson */ = {
			isa = PBXGroup;
			children = (
				C4C8EFF02B0AB57E00284A0E /* LessonsViewController.swift */,
				C41F9E622B0FCDEF00783142 /* LessonsCollectionViewCell.swift */,
			);
			path = Lesson;
			sourceTree = "<group>";
		};
		C4C8EFF22B0AB58A00284A0E /* Products */ = {
			isa = PBXGroup;
			children = (
				C4C8EFF32B0AB59800284A0E /* ProductsViewController.swift */,
				C41F9E642B0FE31600783142 /* ProductsCollectionViewCell.swift */,
			);
			path = Products;
			sourceTree = "<group>";
		};
		C4C8EFF52B0AB5C000284A0E /* Favorites */ = {
			isa = PBXGroup;
			children = (
				C4C8EFF62B0AB5E000284A0E /* FavoritesViewController.swift */,
			);
			path = Favorites;
			sourceTree = "<group>";
		};
/* End PBXGroup section */

/* Begin PBXNativeTarget section */
		C4C8EFCA2B0AAEA300284A0E /* Drevmass */ = {
			isa = PBXNativeTarget;
			buildConfigurationList = C4C8EFDF2B0AAEA600284A0E /* Build configuration list for PBXNativeTarget "Drevmass" */;
			buildPhases = (
				6F694FBB0C6080CA433AC552 /* [CP] Check Pods Manifest.lock */,
				C4C8EFC72B0AAEA300284A0E /* Sources */,
				C4C8EFC82B0AAEA300284A0E /* Frameworks */,
				C4C8EFC92B0AAEA300284A0E /* Resources */,
				E2C9DF1877BBDEAF941F74CB /* [CP] Embed Pods Frameworks */,
			);
			buildRules = (
			);
			dependencies = (
			);
			name = Drevmass;
			productName = Drevmass;
			productReference = C4C8EFCB2B0AAEA300284A0E /* Drevmass.app */;
			productType = "com.apple.product-type.application";
		};
/* End PBXNativeTarget section */

/* Begin PBXProject section */
		C4C8EFC32B0AAEA300284A0E /* Project object */ = {
			isa = PBXProject;
			attributes = {
				BuildIndependentTargetsInParallel = 1;
				LastSwiftUpdateCheck = 1500;
				LastUpgradeCheck = 1500;
				TargetAttributes = {
					C4C8EFCA2B0AAEA300284A0E = {
						CreatedOnToolsVersion = 15.0.1;
					};
				};
			};
			buildConfigurationList = C4C8EFC62B0AAEA300284A0E /* Build configuration list for PBXProject "Drevmass" */;
			compatibilityVersion = "Xcode 14.0";
			developmentRegion = en;
			hasScannedForEncodings = 0;
			knownRegions = (
				en,
				Base,
			);
			mainGroup = C4C8EFC22B0AAEA300284A0E;
			productRefGroup = C4C8EFCC2B0AAEA300284A0E /* Products */;
			projectDirPath = "";
			projectRoot = "";
			targets = (
				C4C8EFCA2B0AAEA300284A0E /* Drevmass */,
			);
		};
/* End PBXProject section */

/* Begin PBXResourcesBuildPhase section */
		C4C8EFC92B0AAEA300284A0E /* Resources */ = {
			isa = PBXResourcesBuildPhase;
			buildActionMask = 2147483647;
			files = (
				C4C8EFDB2B0AAEA600284A0E /* LaunchScreen.storyboard in Resources */,
				C4C8EFED2B0AB3AF00284A0E /* Rubik-Light.ttf in Resources */,
				C4C8EFD82B0AAEA600284A0E /* Assets.xcassets in Resources */,
				C4C8EFEE2B0AB3B200284A0E /* Rubik-Regular.ttf in Resources */,
			);
			runOnlyForDeploymentPostprocessing = 0;
		};
/* End PBXResourcesBuildPhase section */

/* Begin PBXShellScriptBuildPhase section */
		6F694FBB0C6080CA433AC552 /* [CP] Check Pods Manifest.lock */ = {
			isa = PBXShellScriptBuildPhase;
			buildActionMask = 2147483647;
			files = (
			);
			inputFileListPaths = (
			);
			inputPaths = (
				"${PODS_PODFILE_DIR_PATH}/Podfile.lock",
				"${PODS_ROOT}/Manifest.lock",
			);
			name = "[CP] Check Pods Manifest.lock";
			outputFileListPaths = (
			);
			outputPaths = (
				"$(DERIVED_FILE_DIR)/Pods-Drevmass-checkManifestLockResult.txt",
			);
			runOnlyForDeploymentPostprocessing = 0;
			shellPath = /bin/sh;
			shellScript = "diff \"${PODS_PODFILE_DIR_PATH}/Podfile.lock\" \"${PODS_ROOT}/Manifest.lock\" > /dev/null\nif [ $? != 0 ] ; then\n    # print error to STDERR\n    echo \"error: The sandbox is not in sync with the Podfile.lock. Run 'pod install' or update your CocoaPods installation.\" >&2\n    exit 1\nfi\n# This output is used by Xcode 'outputs' to avoid re-running this script phase.\necho \"SUCCESS\" > \"${SCRIPT_OUTPUT_FILE_0}\"\n";
			showEnvVarsInLog = 0;
		};
		E2C9DF1877BBDEAF941F74CB /* [CP] Embed Pods Frameworks */ = {
			isa = PBXShellScriptBuildPhase;
			buildActionMask = 2147483647;
			files = (
			);
			inputFileListPaths = (
				"${PODS_ROOT}/Target Support Files/Pods-Drevmass/Pods-Drevmass-frameworks-${CONFIGURATION}-input-files.xcfilelist",
			);
			name = "[CP] Embed Pods Frameworks";
			outputFileListPaths = (
				"${PODS_ROOT}/Target Support Files/Pods-Drevmass/Pods-Drevmass-frameworks-${CONFIGURATION}-output-files.xcfilelist",
			);
			runOnlyForDeploymentPostprocessing = 0;
			shellPath = /bin/sh;
			shellScript = "\"${PODS_ROOT}/Target Support Files/Pods-Drevmass/Pods-Drevmass-frameworks.sh\"\n";
			showEnvVarsInLog = 0;
		};
/* End PBXShellScriptBuildPhase section */

/* Begin PBXSourcesBuildPhase section */
		C4C8EFC72B0AAEA300284A0E /* Sources */ = {
			isa = PBXSourcesBuildPhase;
			buildActionMask = 2147483647;
			files = (
				C4C8EFF42B0AB59800284A0E /* ProductsViewController.swift in Sources */,
				C41F9E492B0CBD8D00783142 /* OnboardingVC.swift in Sources */,
				C41F9E722B0FFFAB00783142 /* AppViewController.swift in Sources */,
				C41F9E4B2B0CC6D300783142 /* UIFont + Extensions.swift in Sources */,
				C4C8EFD32B0AAEA300284A0E /* SignUpViewController.swift in Sources */,
				C41F9E5A2B0EC4C300783142 /* RestorePasswordViewController.swift in Sources */,
				C4C8EFF72B0AB5E000284A0E /* FavoritesViewController.swift in Sources */,
				C41F9E532B0E77DC00783142 /* SignInViewController.swift in Sources */,
				C4C0C40D2B12A3E500D97D98 /* ProductsInfoViewController.swift in Sources */,
				C4C8EFEA2B0AB02100284A0E /* TabBarController.swift in Sources */,
				C41F9E572B0EA01D00783142 /* NavigationController.swift in Sources */,
				C41F9E552B0E7FC600783142 /* TextFieldWithPadding.swift in Sources */,
				C41F9E6A2B0FFF6B00783142 /* SecondProfileViewController.swift in Sources */,
				C48FA6AF2B168A5D00505519 /* DayInfo.swift in Sources */,
				C4C8EFCF2B0AAEA300284A0E /* AppDelegate.swift in Sources */,
				C41F9E472B0CAF0400783142 /* UIColor + Extensions.swift in Sources */,
				C41F9E702B0FFF9E00783142 /* SupportViewController.swift in Sources */,
				C4C8EFF12B0AB57E00284A0E /* LessonsViewController.swift in Sources */,
				C41F9E4F2B0E4CC900783142 /* Subviews + Extensions.swift in Sources */,
				C41F9E612B0FB41E00783142 /* NotificationViewController.swift in Sources */,
				C48FA6D52B192E3300505519 /* SupportSend.swift in Sources */,
				C41CCEF42B279C6A009FCD4F /* DeleteUser.swift in Sources */,
				C4C8EFD12B0AAEA300284A0E /* SceneDelegate.swift in Sources */,
				C470F2012B14E0940095A0DD /* PlayerViewController.swift in Sources */,
				C41F9E652B0FE31600783142 /* ProductsCollectionViewCell.swift in Sources */,
				C4C0C3FF2B125D2E00D97D98 /* UIElementsFunc.swift in Sources */,
				C470F2032B14FF700095A0DD /* Products.swift in Sources */,
				C470F20E2B1577840095A0DD /* UserInformation.swift in Sources */,
				C470F2082B155B660095A0DD /* SignUpInModel.swift in Sources */,
				C41F9E5F2B0EC8F100783142 /* UserInfoViewController.swift in Sources */,
				C41F9E682B0FE94000783142 /* ProfileViewController.swift in Sources */,
				C41F9E6C2B0FFF8800783142 /* ProfileNotificationsViewController.swift in Sources */,
				C4C0C4092B12A3B200D97D98 /* LessonInfoViewController.swift in Sources */,
				C470F20C2B1567A60095A0DD /* Reset.swift in Sources */,
				C41F9E4D2B0D064100783142 /* OnboardingCell.swift in Sources */,
				C470F1FE2B14D8B40095A0DD /* Lessons.swift in Sources */,
				C41F9E632B0FCDEF00783142 /* LessonsCollectionViewCell.swift in Sources */,
				C41F9E6E2B0FFF9400783142 /* InformationViewController.swift in Sources */,
				C4C0C4112B12C1F600D97D98 /* Storage.swift in Sources */,
				C4C0C4142B12C24900D97D98 /* Urls.swift in Sources */,
			);
			runOnlyForDeploymentPostprocessing = 0;
		};
/* End PBXSourcesBuildPhase section */

/* Begin PBXVariantGroup section */
		C4C8EFD92B0AAEA600284A0E /* LaunchScreen.storyboard */ = {
			isa = PBXVariantGroup;
			children = (
				C4C8EFDA2B0AAEA600284A0E /* Base */,
			);
			name = LaunchScreen.storyboard;
			sourceTree = "<group>";
		};
/* End PBXVariantGroup section */

/* Begin XCBuildConfiguration section */
		C4C8EFDD2B0AAEA600284A0E /* Debug */ = {
			isa = XCBuildConfiguration;
			buildSettings = {
				ALWAYS_SEARCH_USER_PATHS = NO;
				ASSETCATALOG_COMPILER_GENERATE_SWIFT_ASSET_SYMBOL_EXTENSIONS = YES;
				CLANG_ANALYZER_NONNULL = YES;
				CLANG_ANALYZER_NUMBER_OBJECT_CONVERSION = YES_AGGRESSIVE;
				CLANG_CXX_LANGUAGE_STANDARD = "gnu++20";
				CLANG_ENABLE_MODULES = YES;
				CLANG_ENABLE_OBJC_ARC = YES;
				CLANG_ENABLE_OBJC_WEAK = YES;
				CLANG_WARN_BLOCK_CAPTURE_AUTORELEASING = YES;
				CLANG_WARN_BOOL_CONVERSION = YES;
				CLANG_WARN_COMMA = YES;
				CLANG_WARN_CONSTANT_CONVERSION = YES;
				CLANG_WARN_DEPRECATED_OBJC_IMPLEMENTATIONS = YES;
				CLANG_WARN_DIRECT_OBJC_ISA_USAGE = YES_ERROR;
				CLANG_WARN_DOCUMENTATION_COMMENTS = YES;
				CLANG_WARN_EMPTY_BODY = YES;
				CLANG_WARN_ENUM_CONVERSION = YES;
				CLANG_WARN_INFINITE_RECURSION = YES;
				CLANG_WARN_INT_CONVERSION = YES;
				CLANG_WARN_NON_LITERAL_NULL_CONVERSION = YES;
				CLANG_WARN_OBJC_IMPLICIT_RETAIN_SELF = YES;
				CLANG_WARN_OBJC_LITERAL_CONVERSION = YES;
				CLANG_WARN_OBJC_ROOT_CLASS = YES_ERROR;
				CLANG_WARN_QUOTED_INCLUDE_IN_FRAMEWORK_HEADER = YES;
				CLANG_WARN_RANGE_LOOP_ANALYSIS = YES;
				CLANG_WARN_STRICT_PROTOTYPES = YES;
				CLANG_WARN_SUSPICIOUS_MOVE = YES;
				CLANG_WARN_UNGUARDED_AVAILABILITY = YES_AGGRESSIVE;
				CLANG_WARN_UNREACHABLE_CODE = YES;
				CLANG_WARN__DUPLICATE_METHOD_MATCH = YES;
				COPY_PHASE_STRIP = NO;
				DEBUG_INFORMATION_FORMAT = dwarf;
				ENABLE_STRICT_OBJC_MSGSEND = YES;
				ENABLE_TESTABILITY = YES;
				ENABLE_USER_SCRIPT_SANDBOXING = YES;
				GCC_C_LANGUAGE_STANDARD = gnu17;
				GCC_DYNAMIC_NO_PIC = NO;
				GCC_NO_COMMON_BLOCKS = YES;
				GCC_OPTIMIZATION_LEVEL = 0;
				GCC_PREPROCESSOR_DEFINITIONS = (
					"DEBUG=1",
					"$(inherited)",
				);
				GCC_WARN_64_TO_32_BIT_CONVERSION = YES;
				GCC_WARN_ABOUT_RETURN_TYPE = YES_ERROR;
				GCC_WARN_UNDECLARED_SELECTOR = YES;
				GCC_WARN_UNINITIALIZED_AUTOS = YES_AGGRESSIVE;
				GCC_WARN_UNUSED_FUNCTION = YES;
				GCC_WARN_UNUSED_VARIABLE = YES;
				IPHONEOS_DEPLOYMENT_TARGET = 17.0;
				LOCALIZATION_PREFERS_STRING_CATALOGS = YES;
				MTL_ENABLE_DEBUG_INFO = INCLUDE_SOURCE;
				MTL_FAST_MATH = YES;
				ONLY_ACTIVE_ARCH = YES;
				SDKROOT = iphoneos;
				SWIFT_ACTIVE_COMPILATION_CONDITIONS = "DEBUG $(inherited)";
				SWIFT_OPTIMIZATION_LEVEL = "-Onone";
			};
			name = Debug;
		};
		C4C8EFDE2B0AAEA600284A0E /* Release */ = {
			isa = XCBuildConfiguration;
			buildSettings = {
				ALWAYS_SEARCH_USER_PATHS = NO;
				ASSETCATALOG_COMPILER_GENERATE_SWIFT_ASSET_SYMBOL_EXTENSIONS = YES;
				CLANG_ANALYZER_NONNULL = YES;
				CLANG_ANALYZER_NUMBER_OBJECT_CONVERSION = YES_AGGRESSIVE;
				CLANG_CXX_LANGUAGE_STANDARD = "gnu++20";
				CLANG_ENABLE_MODULES = YES;
				CLANG_ENABLE_OBJC_ARC = YES;
				CLANG_ENABLE_OBJC_WEAK = YES;
				CLANG_WARN_BLOCK_CAPTURE_AUTORELEASING = YES;
				CLANG_WARN_BOOL_CONVERSION = YES;
				CLANG_WARN_COMMA = YES;
				CLANG_WARN_CONSTANT_CONVERSION = YES;
				CLANG_WARN_DEPRECATED_OBJC_IMPLEMENTATIONS = YES;
				CLANG_WARN_DIRECT_OBJC_ISA_USAGE = YES_ERROR;
				CLANG_WARN_DOCUMENTATION_COMMENTS = YES;
				CLANG_WARN_EMPTY_BODY = YES;
				CLANG_WARN_ENUM_CONVERSION = YES;
				CLANG_WARN_INFINITE_RECURSION = YES;
				CLANG_WARN_INT_CONVERSION = YES;
				CLANG_WARN_NON_LITERAL_NULL_CONVERSION = YES;
				CLANG_WARN_OBJC_IMPLICIT_RETAIN_SELF = YES;
				CLANG_WARN_OBJC_LITERAL_CONVERSION = YES;
				CLANG_WARN_OBJC_ROOT_CLASS = YES_ERROR;
				CLANG_WARN_QUOTED_INCLUDE_IN_FRAMEWORK_HEADER = YES;
				CLANG_WARN_RANGE_LOOP_ANALYSIS = YES;
				CLANG_WARN_STRICT_PROTOTYPES = YES;
				CLANG_WARN_SUSPICIOUS_MOVE = YES;
				CLANG_WARN_UNGUARDED_AVAILABILITY = YES_AGGRESSIVE;
				CLANG_WARN_UNREACHABLE_CODE = YES;
				CLANG_WARN__DUPLICATE_METHOD_MATCH = YES;
				COPY_PHASE_STRIP = NO;
				DEBUG_INFORMATION_FORMAT = "dwarf-with-dsym";
				ENABLE_NS_ASSERTIONS = NO;
				ENABLE_STRICT_OBJC_MSGSEND = YES;
				ENABLE_USER_SCRIPT_SANDBOXING = YES;
				GCC_C_LANGUAGE_STANDARD = gnu17;
				GCC_NO_COMMON_BLOCKS = YES;
				GCC_WARN_64_TO_32_BIT_CONVERSION = YES;
				GCC_WARN_ABOUT_RETURN_TYPE = YES_ERROR;
				GCC_WARN_UNDECLARED_SELECTOR = YES;
				GCC_WARN_UNINITIALIZED_AUTOS = YES_AGGRESSIVE;
				GCC_WARN_UNUSED_FUNCTION = YES;
				GCC_WARN_UNUSED_VARIABLE = YES;
				IPHONEOS_DEPLOYMENT_TARGET = 17.0;
				LOCALIZATION_PREFERS_STRING_CATALOGS = YES;
				MTL_ENABLE_DEBUG_INFO = NO;
				MTL_FAST_MATH = YES;
				SDKROOT = iphoneos;
				SWIFT_COMPILATION_MODE = wholemodule;
				VALIDATE_PRODUCT = YES;
			};
			name = Release;
		};
		C4C8EFE02B0AAEA600284A0E /* Debug */ = {
			isa = XCBuildConfiguration;
			baseConfigurationReference = 32A1AD58156410BDD3C15CF5 /* Pods-Drevmass.debug.xcconfig */;
			buildSettings = {
				ASSETCATALOG_COMPILER_APPICON_NAME = AppIcon;
				ASSETCATALOG_COMPILER_GLOBAL_ACCENT_COLOR_NAME = AccentColor;
				CODE_SIGN_STYLE = Automatic;
				CURRENT_PROJECT_VERSION = 1;
				DEVELOPMENT_TEAM = 477SFTV837;
				ENABLE_USER_SCRIPT_SANDBOXING = NO;
				GENERATE_INFOPLIST_FILE = YES;
				INFOPLIST_FILE = Drevmass/Info.plist;
				INFOPLIST_KEY_UIApplicationSupportsIndirectInputEvents = YES;
				INFOPLIST_KEY_UILaunchStoryboardName = LaunchScreen;
				INFOPLIST_KEY_UISupportedInterfaceOrientations_iPad = "UIInterfaceOrientationPortrait UIInterfaceOrientationPortraitUpsideDown UIInterfaceOrientationLandscapeLeft UIInterfaceOrientationLandscapeRight";
				INFOPLIST_KEY_UISupportedInterfaceOrientations_iPhone = "UIInterfaceOrientationPortrait UIInterfaceOrientationLandscapeLeft UIInterfaceOrientationLandscapeRight";
				LD_RUNPATH_SEARCH_PATHS = (
					"$(inherited)",
					"@executable_path/Frameworks",
				);
				MARKETING_VERSION = 1.0;
				PRODUCT_BUNDLE_IDENTIFIER = kz.bulatova.Drevmass;
				PRODUCT_NAME = "$(TARGET_NAME)";
				SWIFT_EMIT_LOC_STRINGS = YES;
				SWIFT_VERSION = 5.0;
				TARGETED_DEVICE_FAMILY = "1,2";
			};
			name = Debug;
		};
		C4C8EFE12B0AAEA600284A0E /* Release */ = {
			isa = XCBuildConfiguration;
			baseConfigurationReference = B76A09FE7AD8B6D08D535CB7 /* Pods-Drevmass.release.xcconfig */;
			buildSettings = {
				ASSETCATALOG_COMPILER_APPICON_NAME = AppIcon;
				ASSETCATALOG_COMPILER_GLOBAL_ACCENT_COLOR_NAME = AccentColor;
				CODE_SIGN_STYLE = Automatic;
				CURRENT_PROJECT_VERSION = 1;
				DEVELOPMENT_TEAM = 477SFTV837;
				ENABLE_USER_SCRIPT_SANDBOXING = NO;
				GENERATE_INFOPLIST_FILE = YES;
				INFOPLIST_FILE = Drevmass/Info.plist;
				INFOPLIST_KEY_UIApplicationSupportsIndirectInputEvents = YES;
				INFOPLIST_KEY_UILaunchStoryboardName = LaunchScreen;
				INFOPLIST_KEY_UISupportedInterfaceOrientations_iPad = "UIInterfaceOrientationPortrait UIInterfaceOrientationPortraitUpsideDown UIInterfaceOrientationLandscapeLeft UIInterfaceOrientationLandscapeRight";
				INFOPLIST_KEY_UISupportedInterfaceOrientations_iPhone = "UIInterfaceOrientationPortrait UIInterfaceOrientationLandscapeLeft UIInterfaceOrientationLandscapeRight";
				LD_RUNPATH_SEARCH_PATHS = (
					"$(inherited)",
					"@executable_path/Frameworks",
				);
				MARKETING_VERSION = 1.0;
				PRODUCT_BUNDLE_IDENTIFIER = kz.bulatova.Drevmass;
				PRODUCT_NAME = "$(TARGET_NAME)";
				SWIFT_EMIT_LOC_STRINGS = YES;
				SWIFT_VERSION = 5.0;
				TARGETED_DEVICE_FAMILY = "1,2";
			};
			name = Release;
		};
/* End XCBuildConfiguration section */

/* Begin XCConfigurationList section */
		C4C8EFC62B0AAEA300284A0E /* Build configuration list for PBXProject "Drevmass" */ = {
			isa = XCConfigurationList;
			buildConfigurations = (
				C4C8EFDD2B0AAEA600284A0E /* Debug */,
				C4C8EFDE2B0AAEA600284A0E /* Release */,
			);
			defaultConfigurationIsVisible = 0;
			defaultConfigurationName = Release;
		};
		C4C8EFDF2B0AAEA600284A0E /* Build configuration list for PBXNativeTarget "Drevmass" */ = {
			isa = XCConfigurationList;
			buildConfigurations = (
				C4C8EFE02B0AAEA600284A0E /* Debug */,
				C4C8EFE12B0AAEA600284A0E /* Release */,
			);
			defaultConfigurationIsVisible = 0;
			defaultConfigurationName = Release;
		};
/* End XCConfigurationList section */
	};
	rootObject = C4C8EFC32B0AAEA300284A0E /* Project object */;
}
